PODS:
  - app_links (6.4.1):
    - Flutter
  - conduit (0.1.0)
  - Flutter (1.0.0)
  - local_auth_darwin (0.0.1):
    - Flutter
    - FlutterMacOS
  - mobile_scanner (7.0.0):
    - Flutter
    - FlutterMacOS
  - path_provider_foundation (0.0.1):
    - Flutter
    - FlutterMacOS

DEPENDENCIES:
  - app_links (from `.symlinks/plugins/app_links/ios`)
  - conduit (from `.`)
  - Flutter (from `Flutter`)
  - local_auth_darwin (from `.symlinks/plugins/local_auth_darwin/darwin`)
  - mobile_scanner (from `.symlinks/plugins/mobile_scanner/darwin`)
  - path_provider_foundation (from `.symlinks/plugins/path_provider_foundation/darwin`)

EXTERNAL SOURCES:
  app_links:
    :path: ".symlinks/plugins/app_links/ios"
  conduit:
    :path: "."
  Flutter:
    :path: Flutter
  local_auth_darwin:
    :path: ".symlinks/plugins/local_auth_darwin/darwin"
  mobile_scanner:
    :path: ".symlinks/plugins/mobile_scanner/darwin"
  path_provider_foundation:
    :path: ".symlinks/plugins/path_provider_foundation/darwin"

SPEC CHECKSUMS:
  app_links: 3dbc685f76b1693c66a6d9dd1e9ab6f73d97dc0a
  conduit: cd4a7fa2b845702d913a6d0315c88214bce31289
  Flutter: cabc95a1d2626b1b06e7179b784ebcf0c0cde467
  local_auth_darwin: d2e8c53ef0c4f43c646462e3415432c4dab3ae19
  mobile_scanner: 9157936403f5a0644ca3779a38ff8404c5434a93
  path_provider_foundation: 080d55be775b7414fd5a5ef3ac137b97b097e564

PODFILE CHECKSUM: 251144428e5d9b750f74da0256182d5cb23c6b33

COCOAPODS: 1.16.2
